
Microsoft Visual Studio Solution File, Format Version 12.00
# Visual Studio Version 17
VisualStudioVersion = 17.7.34221.43
MinimumVisualStudioVersion = 10.0.40219.1
Project("{FAE04EC0-301F-11D3-BF4B-00C04F79EFBC}") = "recreep_treasure_calculator", "recreep_treasure_calculator.csproj", "{8F2F2B49-1DDB-4AFB-B027-62EA92F0D3A9}"
EndProject
Global
	GlobalSection(SolutionConfigurationPlatforms) = preSolution
		Debug|Any CPU = Debug|Any CPU
		Release|Any CPU = Release|Any CPU
	EndGlobalSection
	GlobalSection(ProjectConfigurationPlatforms) = postSolution
		{8F2F2B49-1DDB-4AFB-B027-62EA92F0D3A9}.Debug|Any CPU.ActiveCfg = Debug|Any CPU
		{8F2F2B49-1DDB-4AFB-B027-62EA92F0D3A9}.Debug|Any CPU.Build.0 = Debug|Any CPU
		{8F2F2B49-1DDB-4AFB-B027-62EA92F0D3A9}.Release|Any CPU.ActiveCfg = Release|Any CPU
		{8F2F2B49-1DDB-4AFB-B027-62EA92F0D3A9}.Release|Any CPU.Build.0 = Release|Any CPU
	EndGlobalSection
	GlobalSection(SolutionProperties) = preSolution
		HideSolutionNode = FALSE
	EndGlobalSection
	GlobalSection(ExtensibilityGlobals) = postSolution
		SolutionGuid = {98E0AE16-7CC5-462E-B20B-F7DA9D332CF6}
	EndGlobalSection
EndGlobal
